// !$*UTF8*$!
{
	archiveVersion = 1;
	classes = {
	};
	objectVersion = 46;
	objects = {

/* Begin PBXBuildFile section */
		29BEAA2A1D2121F100824157 /* main.m in Sources */ = {isa = PBXBuildFile; fileRef = 29BEAA291D2121F100824157 /* main.m */; };
		29BEAA2D1D2121F100824157 /* AppDelegate.m in Sources */ = {isa = PBXBuildFile; fileRef = 29BEAA2C1D2121F100824157 /* AppDelegate.m */; };
		29BEAA301D2121F100824157 /* ViewController.m in Sources */ = {isa = PBXBuildFile; fileRef = 29BEAA2F1D2121F100824157 /* ViewController.m */; };
		29BEAA331D2121F100824157 /* Main.storyboard in Resources */ = {isa = PBXBuildFile; fileRef = 29BEAA311D2121F100824157 /* Main.storyboard */; };
		29BEAA361D2121F100824157 /* HTML_OC__.xcdatamodeld in Sources */ = {isa = PBXBuildFile; fileRef = 29BEAA341D2121F100824157 /* HTML_OC__.xcdatamodeld */; };
		29BEAA381D2121F100824157 /* Assets.xcassets in Resources */ = {isa = PBXBuildFile; fileRef = 29BEAA371D2121F100824157 /* Assets.xcassets */; };
		29BEAA3B1D2121F100824157 /* LaunchScreen.storyboard in Resources */ = {isa = PBXBuildFile; fileRef = 29BEAA391D2121F100824157 /* LaunchScreen.storyboard */; };
		29BEAA461D2121F100824157 /* HTML_OC__Tests.m in Sources */ = {isa = PBXBuildFile; fileRef = 29BEAA451D2121F100824157 /* HTML_OC__Tests.m */; };
		29BEAA511D2121F100824157 /* HTML_OC__UITests.m in Sources */ = {isa = PBXBuildFile; fileRef = 29BEAA501D2121F100824157 /* HTML_OC__UITests.m */; };
		29BEAA6E1D2122F400824157 /* fb.png in Resources */ = {isa = PBXBuildFile; fileRef = 29BEAA631D2122F400824157 /* fb.png */; };
		29BEAA6F1D2122F400824157 /* g+.png in Resources */ = {isa = PBXBuildFile; fileRef = 29BEAA641D2122F400824157 /* g+.png */; };
		29BEAA701D2122F400824157 /* pattern.gif in Resources */ = {isa = PBXBuildFile; fileRef = 29BEAA651D2122F400824157 /* pattern.gif */; };
		29BEAA711D2122F400824157 /* pic.jpg in Resources */ = {isa = PBXBuildFile; fileRef = 29BEAA661D2122F400824157 /* pic.jpg */; };
		29BEAA721D2122F400824157 /* pic1.jpg in Resources */ = {isa = PBXBuildFile; fileRef = 29BEAA671D2122F400824157 /* pic1.jpg */; };
		29BEAA731D2122F400824157 /* pic2.jpg in Resources */ = {isa = PBXBuildFile; fileRef = 29BEAA681D2122F400824157 /* pic2.jpg */; };
		29BEAA741D2122F400824157 /* rss.png in Resources */ = {isa = PBXBuildFile; fileRef = 29BEAA691D2122F400824157 /* rss.png */; };
		29BEAA751D2122F400824157 /* tw.png in Resources */ = {isa = PBXBuildFile; fileRef = 29BEAA6A1D2122F400824157 /* tw.png */; };
		29BEAA761D2122F400824157 /* IMG_4522.jpg in Resources */ = {isa = PBXBuildFile; fileRef = 29BEAA6B1D2122F400824157 /* IMG_4522.jpg */; };
		29BEAA771D2122F400824157 /* index.html in Resources */ = {isa = PBXBuildFile; fileRef = 29BEAA6C1D2122F400824157 /* index.html */; };
		29BEAA781D2122F400824157 /* index2.html in Resources */ = {isa = PBXBuildFile; fileRef = 29BEAA6D1D2122F400824157 /* index2.html */; };
/* End PBXBuildFile section */

/* Begin PBXContainerItemProxy section */
		29BEAA421D2121F100824157 /* PBXContainerItemProxy */ = {
			isa = PBXContainerItemProxy;
			containerPortal = 29BEAA1D1D2121F100824157 /* Project object */;
			proxyType = 1;
			remoteGlobalIDString = 29BEAA241D2121F100824157;
			remoteInfo = "HTML和OC互调";
		};
		29BEAA4D1D2121F100824157 /* PBXContainerItemProxy */ = {
			isa = PBXContainerItemProxy;
			containerPortal = 29BEAA1D1D2121F100824157 /* Project object */;
			proxyType = 1;
			remoteGlobalIDString = 29BEAA241D2121F100824157;
			remoteInfo = "HTML和OC互调";
		};
/* End PBXContainerItemProxy section */

/* Begin PBXFileReference section */
		29BEAA251D2121F100824157 /* HTML和OC互调.app */ = {isa = PBXFileReference; explicitFileType = wrapper.application; includeInIndex = 0; path = "HTML和OC互调.app"; sourceTree = BUILT_PRODUCTS_DIR; };
		29BEAA291D2121F100824157 /* main.m */ = {isa = PBXFileReference; lastKnownFileType = sourcecode.c.objc; path = main.m; sourceTree = "<group>"; };
		29BEAA2B1D2121F100824157 /* AppDelegate.h */ = {isa = PBXFileReference; lastKnownFileType = sourcecode.c.h; path = AppDelegate.h; sourceTree = "<group>"; };
		29BEAA2C1D2121F100824157 /* AppDelegate.m */ = {isa = PBXFileReference; lastKnownFileType = sourcecode.c.objc; path = AppDelegate.m; sourceTree = "<group>"; };
		29BEAA2E1D2121F100824157 /* ViewController.h */ = {isa = PBXFileReference; lastKnownFileType = sourcecode.c.h; path = ViewController.h; sourceTree = "<group>"; };
		29BEAA2F1D2121F100824157 /* ViewController.m */ = {isa = PBXFileReference; lastKnownFileType = sourcecode.c.objc; path = ViewController.m; sourceTree = "<group>"; };
		29BEAA321D2121F100824157 /* Base */ = {isa = PBXFileReference; lastKnownFileType = file.storyboard; name = Base; path = Base.lproj/Main.storyboard; sourceTree = "<group>"; };
		29BEAA351D2121F100824157 /* HTML_OC__.xcdatamodel */ = {isa = PBXFileReference; lastKnownFileType = wrapper.xcdatamodel; path = HTML_OC__.xcdatamodel; sourceTree = "<group>"; };
		29BEAA371D2121F100824157 /* Assets.xcassets */ = {isa = PBXFileReference; lastKnownFileType = folder.assetcatalog; path = Assets.xcassets; sourceTree = "<group>"; };
		29BEAA3A1D2121F100824157 /* Base */ = {isa = PBXFileReference; lastKnownFileType = file.storyboard; name = Base; path = Base.lproj/LaunchScreen.storyboard; sourceTree = "<group>"; };
		29BEAA3C1D2121F100824157 /* Info.plist */ = {isa = PBXFileReference; lastKnownFileType = text.plist.xml; path = Info.plist; sourceTree = "<group>"; };
		29BEAA411D2121F100824157 /* HTML和OC互调Tests.xctest */ = {isa = PBXFileReference; explicitFileType = wrapper.cfbundle; includeInIndex = 0; path = "HTML和OC互调Tests.xctest"; sourceTree = BUILT_PRODUCTS_DIR; };
		29BEAA451D2121F100824157 /* HTML_OC__Tests.m */ = {isa = PBXFileReference; lastKnownFileType = sourcecode.c.objc; path = HTML_OC__Tests.m; sourceTree = "<group>"; };
		29BEAA471D2121F100824157 /* Info.plist */ = {isa = PBXFileReference; lastKnownFileType = text.plist.xml; path = Info.plist; sourceTree = "<group>"; };
		29BEAA4C1D2121F100824157 /* HTML和OC互调UITests.xctest */ = {isa = PBXFileReference; explicitFileType = wrapper.cfbundle; includeInIndex = 0; path = "HTML和OC互调UITests.xctest"; sourceTree = BUILT_PRODUCTS_DIR; };
		29BEAA501D2121F100824157 /* HTML_OC__UITests.m */ = {isa = PBXFileReference; lastKnownFileType = sourcecode.c.objc; path = HTML_OC__UITests.m; sourceTree = "<group>"; };
		29BEAA521D2121F100824157 /* Info.plist */ = {isa = PBXFileReference; lastKnownFileType = text.plist.xml; path = Info.plist; sourceTree = "<group>"; };
		29BEAA631D2122F400824157 /* fb.png */ = {isa = PBXFileReference; lastKnownFileType = image.png; path = fb.png; sourceTree = "<group>"; };
		29BEAA641D2122F400824157 /* g+.png */ = {isa = PBXFileReference; lastKnownFileType = image.png; path = "g+.png"; sourceTree = "<group>"; };
		29BEAA651D2122F400824157 /* pattern.gif */ = {isa = PBXFileReference; lastKnownFileType = image.gif; path = pattern.gif; sourceTree = "<group>"; };
		29BEAA661D2122F400824157 /* pic.jpg */ = {isa = PBXFileReference; lastKnownFileType = image.jpeg; path = pic.jpg; sourceTree = "<group>"; };
		29BEAA671D2122F400824157 /* pic1.jpg */ = {isa = PBXFileReference; lastKnownFileType = image.jpeg; path = pic1.jpg; sourceTree = "<group>"; };
		29BEAA681D2122F400824157 /* pic2.jpg */ = {isa = PBXFileReference; lastKnownFileType = image.jpeg; path = pic2.jpg; sourceTree = "<group>"; };
		29BEAA691D2122F400824157 /* rss.png */ = {isa = PBXFileReference; lastKnownFileType = image.png; path = rss.png; sourceTree = "<group>"; };
		29BEAA6A1D2122F400824157 /* tw.png */ = {isa = PBXFileReference; lastKnownFileType = image.png; path = tw.png; sourceTree = "<group>"; };
		29BEAA6B1D2122F400824157 /* IMG_4522.jpg */ = {isa = PBXFileReference; lastKnownFileType = image.jpeg; path = IMG_4522.jpg; sourceTree = "<group>"; };
		29BEAA6C1D2122F400824157 /* index.html */ = {isa = PBXFileReference; fileEncoding = 4; lastKnownFileType = text.html; path = index.html; sourceTree = "<group>"; };
		29BEAA6D1D2122F400824157 /* index2.html */ = {isa = PBXFileReference; fileEncoding = 4; lastKnownFileType = text.html; path = index2.html; sourceTree = "<group>"; };
/* End PBXFileReference section */

/* Begin PBXFrameworksBuildPhase section */
		29BEAA221D2121F100824157 /* Frameworks */ = {
			isa = PBXFrameworksBuildPhase;
			buildActionMask = 2147483647;
			files = (
			);
			runOnlyForDeploymentPostprocessing = 0;
		};
		29BEAA3E1D2121F100824157 /* Frameworks */ = {
			isa = PBXFrameworksBuildPhase;
			buildActionMask = 2147483647;
			files = (
			);
			runOnlyForDeploymentPostprocessing = 0;
		};
		29BEAA491D2121F100824157 /* Frameworks */ = {
			isa = PBXFrameworksBuildPhase;
			buildActionMask = 2147483647;
			files = (
			);
			runOnlyForDeploymentPostprocessing = 0;
		};
/* End PBXFrameworksBuildPhase section */

/* Begin PBXGroup section */
		29BEAA1C1D2121F100824157 = {
			isa = PBXGroup;
			children = (
				29BEAA271D2121F100824157 /* HTML和OC互调 */,
				29BEAA441D2121F100824157 /* HTML和OC互调Tests */,
				29BEAA4F1D2121F100824157 /* HTML和OC互调UITests */,
				29BEAA261D2121F100824157 /* Products */,
			);
			sourceTree = "<group>";
		};
		29BEAA261D2121F100824157 /* Products */ = {
			isa = PBXGroup;
			children = (
				29BEAA251D2121F100824157 /* HTML和OC互调.app */,
				29BEAA411D2121F100824157 /* HTML和OC互调Tests.xctest */,
				29BEAA4C1D2121F100824157 /* HTML和OC互调UITests.xctest */,
			);
			name = Products;
			sourceTree = "<group>";
		};
		29BEAA271D2121F100824157 /* HTML和OC互调 */ = {
			isa = PBXGroup;
			children = (
				29BEAA5F1D2122F400824157 /* web */,
				29BEAA2B1D2121F100824157 /* AppDelegate.h */,
				29BEAA2C1D2121F100824157 /* AppDelegate.m */,
				29BEAA2E1D2121F100824157 /* ViewController.h */,
				29BEAA2F1D2121F100824157 /* ViewController.m */,
				29BEAA311D2121F100824157 /* Main.storyboard */,
				29BEAA371D2121F100824157 /* Assets.xcassets */,
				29BEAA391D2121F100824157 /* LaunchScreen.storyboard */,
				29BEAA3C1D2121F100824157 /* Info.plist */,
				29BEAA341D2121F100824157 /* HTML_OC__.xcdatamodeld */,
				29BEAA281D2121F100824157 /* Supporting Files */,
			);
			path = "HTML和OC互调";
			sourceTree = "<group>";
		};
		29BEAA281D2121F100824157 /* Supporting Files */ = {
			isa = PBXGroup;
			children = (
				29BEAA291D2121F100824157 /* main.m */,
			);
			name = "Supporting Files";
			sourceTree = "<group>";
		};
		29BEAA441D2121F100824157 /* HTML和OC互调Tests */ = {
			isa = PBXGroup;
			children = (
				29BEAA451D2121F100824157 /* HTML_OC__Tests.m */,
				29BEAA471D2121F100824157 /* Info.plist */,
			);
			path = "HTML和OC互调Tests";
			sourceTree = "<group>";
		};
		29BEAA4F1D2121F100824157 /* HTML和OC互调UITests */ = {
			isa = PBXGroup;
			children = (
				29BEAA501D2121F100824157 /* HTML_OC__UITests.m */,
				29BEAA521D2121F100824157 /* Info.plist */,
			);
			path = "HTML和OC互调UITests";
			sourceTree = "<group>";
		};
		29BEAA5F1D2122F400824157 /* web */ = {
			isa = PBXGroup;
			children = (
				29BEAA601D2122F400824157 /* images */,
				29BEAA611D2122F400824157 /* img */,
				29BEAA6B1D2122F400824157 /* IMG_4522.jpg */,
				29BEAA6C1D2122F400824157 /* index.html */,
				29BEAA6D1D2122F400824157 /* index2.html */,
			);
			path = web;
			sourceTree = "<group>";
		};
		29BEAA601D2122F400824157 /* images */ = {
			isa = PBXGroup;
			children = (
			);
			path = images;
			sourceTree = "<group>";
		};
		29BEAA611D2122F400824157 /* img */ = {
			isa = PBXGroup;
			children = (
				29BEAA621D2122F400824157 /* images */,
			);
			path = img;
			sourceTree = "<group>";
		};
		29BEAA621D2122F400824157 /* images */ = {
			isa = PBXGroup;
			children = (
				29BEAA631D2122F400824157 /* fb.png */,
				29BEAA641D2122F400824157 /* g+.png */,
				29BEAA651D2122F400824157 /* pattern.gif */,
				29BEAA661D2122F400824157 /* pic.jpg */,
				29BEAA671D2122F400824157 /* pic1.jpg */,
				29BEAA681D2122F400824157 /* pic2.jpg */,
				29BEAA691D2122F400824157 /* rss.png */,
				29BEAA6A1D2122F400824157 /* tw.png */,
			);
			path = images;
			sourceTree = "<group>";
		};
/* End PBXGroup section */

/* Begin PBXNativeTarget section */
		29BEAA241D2121F100824157 /* HTML和OC互调 */ = {
			isa = PBXNativeTarget;
			buildConfigurationList = 29BEAA551D2121F100824157 /* Build configuration list for PBXNativeTarget "HTML和OC互调" */;
			buildPhases = (
				29BEAA211D2121F100824157 /* Sources */,
				29BEAA221D2121F100824157 /* Frameworks */,
				29BEAA231D2121F100824157 /* Resources */,
			);
			buildRules = (
			);
			dependencies = (
			);
			name = "HTML和OC互调";
			productName = "HTML和OC互调";
			productReference = 29BEAA251D2121F100824157 /* HTML和OC互调.app */;
			productType = "com.apple.product-type.application";
		};
		29BEAA401D2121F100824157 /* HTML和OC互调Tests */ = {
			isa = PBXNativeTarget;
			buildConfigurationList = 29BEAA581D2121F100824157 /* Build configuration list for PBXNativeTarget "HTML和OC互调Tests" */;
			buildPhases = (
				29BEAA3D1D2121F100824157 /* Sources */,
				29BEAA3E1D2121F100824157 /* Frameworks */,
				29BEAA3F1D2121F100824157 /* Resources */,
			);
			buildRules = (
			);
			dependencies = (
				29BEAA431D2121F100824157 /* PBXTargetDependency */,
			);
			name = "HTML和OC互调Tests";
			productName = "HTML和OC互调Tests";
			productReference = 29BEAA411D2121F100824157 /* HTML和OC互调Tests.xctest */;
			productType = "com.apple.product-type.bundle.unit-test";
		};
		29BEAA4B1D2121F100824157 /* HTML和OC互调UITests */ = {
			isa = PBXNativeTarget;
			buildConfigurationList = 29BEAA5B1D2121F100824157 /* Build configuration list for PBXNativeTarget "HTML和OC互调UITests" */;
			buildPhases = (
				29BEAA481D2121F100824157 /* Sources */,
				29BEAA491D2121F100824157 /* Frameworks */,
				29BEAA4A1D2121F100824157 /* Resources */,
			);
			buildRules = (
			);
			dependencies = (
				29BEAA4E1D2121F100824157 /* PBXTargetDependency */,
			);
			name = "HTML和OC互调UITests";
			productName = "HTML和OC互调UITests";
			productReference = 29BEAA4C1D2121F100824157 /* HTML和OC互调UITests.xctest */;
			productType = "com.apple.product-type.bundle.ui-testing";
		};
/* End PBXNativeTarget section */

/* Begin PBXProject section */
		29BEAA1D1D2121F100824157 /* Project object */ = {
			isa = PBXProject;
			attributes = {
				LastUpgradeCheck = 0730;
				ORGANIZATIONNAME = "余亮";
				TargetAttributes = {
					29BEAA241D2121F100824157 = {
						CreatedOnToolsVersion = 7.3.1;
					};
					29BEAA401D2121F100824157 = {
						CreatedOnToolsVersion = 7.3.1;
						TestTargetID = 29BEAA241D2121F100824157;
					};
					29BEAA4B1D2121F100824157 = {
						CreatedOnToolsVersion = 7.3.1;
						TestTargetID = 29BEAA241D2121F100824157;
					};
				};
			};
			buildConfigurationList = 29BEAA201D2121F100824157 /* Build configuration list for PBXProject "HTML和OC互调" */;
			compatibilityVersion = "Xcode 3.2";
			developmentRegion = English;
			hasScannedForEncodings = 0;
			knownRegions = (
				en,
				Base,
			);
			mainGroup = 29BEAA1C1D2121F100824157;
			productRefGroup = 29BEAA261D2121F100824157 /* Products */;
			projectDirPath = "";
			projectRoot = "";
			targets = (
				29BEAA241D2121F100824157 /* HTML和OC互调 */,
				29BEAA401D2121F100824157 /* HTML和OC互调Tests */,
				29BEAA4B1D2121F100824157 /* HTML和OC互调UITests */,
			);
		};
/* End PBXProject section */

/* Begin PBXResourcesBuildPhase section */
		29BEAA231D2121F100824157 /* Resources */ = {
			isa = PBXResourcesBuildPhase;
			buildActionMask = 2147483647;
			files = (
				29BEAA781D2122F400824157 /* index2.html in Resources */,
				29BEAA761D2122F400824157 /* IMG_4522.jpg in Resources */,
				29BEAA741D2122F400824157 /* rss.png in Resources */,
				29BEAA711D2122F400824157 /* pic.jpg in Resources */,
				29BEAA771D2122F400824157 /* index.html in Resources */,
				29BEAA6F1D2122F400824157 /* g+.png in Resources */,
				29BEAA3B1D2121F100824157 /* LaunchScreen.storyboard in Resources */,
				29BEAA6E1D2122F400824157 /* fb.png in Resources */,
				29BEAA731D2122F400824157 /* pic2.jpg in Resources */,
				29BEAA721D2122F400824157 /* pic1.jpg in Resources */,
				29BEAA381D2121F100824157 /* Assets.xcassets in Resources */,
				29BEAA331D2121F100824157 /* Main.storyboard in Resources */,
				29BEAA751D2122F400824157 /* tw.png in Resources */,
				29BEAA701D2122F400824157 /* pattern.gif in Resources */,
			);
			runOnlyForDeploymentPostprocessing = 0;
		};
		29BEAA3F1D2121F100824157 /* Resources */ = {
			isa = PBXResourcesBuildPhase;
			buildActionMask = 2147483647;
			files = (
			);
			runOnlyForDeploymentPostprocessing = 0;
		};
		29BEAA4A1D2121F100824157 /* Resources */ = {
			isa = PBXResourcesBuildPhase;
			buildActionMask = 2147483647;
			files = (
			);
			runOnlyForDeploymentPostprocessing = 0;
		};
/* End PBXResourcesBuildPhase section */

/* Begin PBXSourcesBuildPhase section */
		29BEAA211D2121F100824157 /* Sources */ = {
			isa = PBXSourcesBuildPhase;
			buildActionMask = 2147483647;
			files = (
				29BEAA301D2121F100824157 /* ViewController.m in Sources */,
				29BEAA2D1D2121F100824157 /* AppDelegate.m in Sources */,
				29BEAA361D2121F100824157 /* HTML_OC__.xcdatamodeld in Sources */,
				29BEAA2A1D2121F100824157 /* main.m in Sources */,
			);
			runOnlyForDeploymentPostprocessing = 0;
		};
		29BEAA3D1D2121F100824157 /* Sources */ = {
			isa = PBXSourcesBuildPhase;
			buildActionMask = 2147483647;
			files = (
				29BEAA461D2121F100824157 /* HTML_OC__Tests.m in Sources */,
			);
			runOnlyForDeploymentPostprocessing = 0;
		};
		29BEAA481D2121F100824157 /* Sources */ = {
			isa = PBXSourcesBuildPhase;
			buildActionMask = 2147483647;
			files = (
				29BEAA511D2121F100824157 /* HTML_OC__UITests.m in Sources */,
			);
			runOnlyForDeploymentPostprocessing = 0;
		};
/* End PBXSourcesBuildPhase section */

/* Begin PBXTargetDependency section */
		29BEAA431D2121F100824157 /* PBXTargetDependency */ = {
			isa = PBXTargetDependency;
			target = 29BEAA241D2121F100824157 /* HTML和OC互调 */;
			targetProxy = 29BEAA421D2121F100824157 /* PBXContainerItemProxy */;
		};
		29BEAA4E1D2121F100824157 /* PBXTargetDependency */ = {
			isa = PBXTargetDependency;
			target = 29BEAA241D2121F100824157 /* HTML和OC互调 */;
			targetProxy = 29BEAA4D1D2121F100824157 /* PBXContainerItemProxy */;
		};
/* End PBXTargetDependency section */

/* Begin PBXVariantGroup section */
		29BEAA311D2121F100824157 /* Main.storyboard */ = {
			isa = PBXVariantGroup;
			children = (
				29BEAA321D2121F100824157 /* Base */,
			);
			name = Main.storyboard;
			sourceTree = "<group>";
		};
		29BEAA391D2121F100824157 /* LaunchScreen.storyboard */ = {
			isa = PBXVariantGroup;
			children = (
				29BEAA3A1D2121F100824157 /* Base */,
			);
			name = LaunchScreen.storyboard;
			sourceTree = "<group>";
		};
/* End PBXVariantGroup section */

/* Begin XCBuildConfiguration section */
		29BEAA531D2121F100824157 /* Debug */ = {
			isa = XCBuildConfiguration;
			buildSettings = {
				ALWAYS_SEARCH_USER_PATHS = NO;
				CLANG_ANALYZER_NONNULL = YES;
				CLANG_CXX_LANGUAGE_STANDARD = "gnu++0x";
				CLANG_CXX_LIBRARY = "libc++";
				CLANG_ENABLE_MODULES = YES;
				CLANG_ENABLE_OBJC_ARC = YES;
				CLANG_WARN_BOOL_CONVERSION = YES;
				CLANG_WARN_CONSTANT_CONVERSION = YES;
				CLANG_WARN_DIRECT_OBJC_ISA_USAGE = YES_ERROR;
				CLANG_WARN_EMPTY_BODY = YES;
				CLANG_WARN_ENUM_CONVERSION = YES;
				CLANG_WARN_INT_CONVERSION = YES;
				CLANG_WARN_OBJC_ROOT_CLASS = YES_ERROR;
				CLANG_WARN_UNREACHABLE_CODE = YES;
				CLANG_WARN__DUPLICATE_METHOD_MATCH = YES;
				"CODE_SIGN_IDENTITY[sdk=iphoneos*]" = "iPhone Developer";
				COPY_PHASE_STRIP = NO;
				DEBUG_INFORMATION_FORMAT = dwarf;
				ENABLE_STRICT_OBJC_MSGSEND = YES;
				ENABLE_TESTABILITY = YES;
				GCC_C_LANGUAGE_STANDARD = gnu99;
				GCC_DYNAMIC_NO_PIC = NO;
				GCC_NO_COMMON_BLOCKS = YES;
				GCC_OPTIMIZATION_LEVEL = 0;
				GCC_PREPROCESSOR_DEFINITIONS = (
					"DEBUG=1",
					"$(inherited)",
				);
				GCC_WARN_64_TO_32_BIT_CONVERSION = YES;
				GCC_WARN_ABOUT_RETURN_TYPE = YES_ERROR;
				GCC_WARN_UNDECLARED_SELECTOR = YES;
				GCC_WARN_UNINITIALIZED_AUTOS = YES_AGGRESSIVE;
				GCC_WARN_UNUSED_FUNCTION = YES;
				GCC_WARN_UNUSED_VARIABLE = YES;
				IPHONEOS_DEPLOYMENT_TARGET = 9.3;
				MTL_ENABLE_DEBUG_INFO = YES;
				ONLY_ACTIVE_ARCH = YES;
				SDKROOT = iphoneos;
			};
			name = Debug;
		};
		29BEAA541D2121F100824157 /* Release */ = {
			isa = XCBuildConfiguration;
			buildSettings = {
				ALWAYS_SEARCH_USER_PATHS = NO;
				CLANG_ANALYZER_NONNULL = YES;
				CLANG_CXX_LANGUAGE_STANDARD = "gnu++0x";
				CLANG_CXX_LIBRARY = "libc++";
				CLANG_ENABLE_MODULES = YES;
				CLANG_ENABLE_OBJC_ARC = YES;
				CLANG_WARN_BOOL_CONVERSION = YES;
				CLANG_WARN_CONSTANT_CONVERSION = YES;
				CLANG_WARN_DIRECT_OBJC_ISA_USAGE = YES_ERROR;
				CLANG_WARN_EMPTY_BODY = YES;
				CLANG_WARN_ENUM_CONVERSION = YES;
				CLANG_WARN_INT_CONVERSION = YES;
				CLANG_WARN_OBJC_ROOT_CLASS = YES_ERROR;
				CLANG_WARN_UNREACHABLE_CODE = YES;
				CLANG_WARN__DUPLICATE_METHOD_MATCH = YES;
				"CODE_SIGN_IDENTITY[sdk=iphoneos*]" = "iPhone Developer";
				COPY_PHASE_STRIP = NO;
				DEBUG_INFORMATION_FORMAT = "dwarf-with-dsym";
				ENABLE_NS_ASSERTIONS = NO;
				ENABLE_STRICT_OBJC_MSGSEND = YES;
				GCC_C_LANGUAGE_STANDARD = gnu99;
				GCC_NO_COMMON_BLOCKS = YES;
				GCC_WARN_64_TO_32_BIT_CONVERSION = YES;
				GCC_WARN_ABOUT_RETURN_TYPE = YES_ERROR;
				GCC_WARN_UNDECLARED_SELECTOR = YES;
				GCC_WARN_UNINITIALIZED_AUTOS = YES_AGGRESSIVE;
				GCC_WARN_UNUSED_FUNCTION = YES;
				GCC_WARN_UNUSED_VARIABLE = YES;
				IPHONEOS_DEPLOYMENT_TARGET = 9.3;
				MTL_ENABLE_DEBUG_INFO = NO;
				SDKROOT = iphoneos;
				VALIDATE_PRODUCT = YES;
			};
			name = Release;
		};
		29BEAA561D2121F100824157 /* Debug */ = {
			isa = XCBuildConfiguration;
			buildSettings = {
				ASSETCATALOG_COMPILER_APPICON_NAME = AppIcon;
				INFOPLIST_FILE = "HTML和OC互调/Info.plist";
				IPHONEOS_DEPLOYMENT_TARGET = 9.1;
				LD_RUNPATH_SEARCH_PATHS = "$(inherited) @executable_path/Frameworks";
				PRODUCT_BUNDLE_IDENTIFIER = "com.yuliang.HTML-OC--";
				PRODUCT_NAME = "$(TARGET_NAME)";
			};
			name = Debug;
		};
		29BEAA571D2121F100824157 /* Release */ = {
			isa = XCBuildConfiguration;
			buildSettings = {
				ASSETCATALOG_COMPILER_APPICON_NAME = AppIcon;
				INFOPLIST_FILE = "HTML和OC互调/Info.plist";
				IPHONEOS_DEPLOYMENT_TARGET = 9.1;
				LD_RUNPATH_SEARCH_PATHS = "$(inherited) @executable_path/Frameworks";
				PRODUCT_BUNDLE_IDENTIFIER = "com.yuliang.HTML-OC--";
				PRODUCT_NAME = "$(TARGET_NAME)";
			};
			name = Release;
		};
		29BEAA591D2121F100824157 /* Debug */ = {
			isa = XCBuildConfiguration;
			buildSettings = {
				BUNDLE_LOADER = "$(TEST_HOST)";
				INFOPLIST_FILE = "HTML和OC互调Tests/Info.plist";
				LD_RUNPATH_SEARCH_PATHS = "$(inherited) @executable_path/Frameworks @loader_path/Frameworks";
				PRODUCT_BUNDLE_IDENTIFIER = "com.yuliang.HTML-OC--Tests";
				PRODUCT_NAME = "$(TARGET_NAME)";
				TEST_HOST = "$(BUILT_PRODUCTS_DIR)/HTML和OC互调.app/HTML和OC互调";
			};
			name = Debug;
		};
		29BEAA5A1D2121F100824157 /* Release */ = {
			isa = XCBuildConfiguration;
			buildSettings = {
				BUNDLE_LOADER = "$(TEST_HOST)";
				INFOPLIST_FILE = "HTML和OC互调Tests/Info.plist";
				LD_RUNPATH_SEARCH_PATHS = "$(inherited) @executable_path/Frameworks @loader_path/Frameworks";
				PRODUCT_BUNDLE_IDENTIFIER = "com.yuliang.HTML-OC--Tests";
				PRODUCT_NAME = "$(TARGET_NAME)";
				TEST_HOST = "$(BUILT_PRODUCTS_DIR)/HTML和OC互调.app/HTML和OC互调";
			};
			name = Release;
		};
		29BEAA5C1D2121F100824157 /* Debug */ = {
			isa = XCBuildConfiguration;
			buildSettings = {
				INFOPLIST_FILE = "HTML和OC互调UITests/Info.plist";
				LD_RUNPATH_SEARCH_PATHS = "$(inherited) @executable_path/Frameworks @loader_path/Frameworks";
				PRODUCT_BUNDLE_IDENTIFIER = "com.yuliang.HTML-OC--UITests";
				PRODUCT_NAME = "$(TARGET_NAME)";
				TEST_TARGET_NAME = "HTML和OC互调";
			};
			name = Debug;
		};
		29BEAA5D1D2121F100824157 /* Release */ = {
			isa = XCBuildConfiguration;
			buildSettings = {
				INFOPLIST_FILE = "HTML和OC互调UITests/Info.plist";
				LD_RUNPATH_SEARCH_PATHS = "$(inherited) @executable_path/Frameworks @loader_path/Frameworks";
				PRODUCT_BUNDLE_IDENTIFIER = "com.yuliang.HTML-OC--UITests";
				PRODUCT_NAME = "$(TARGET_NAME)";
				TEST_TARGET_NAME = "HTML和OC互调";
			};
			name = Release;
		};
/* End XCBuildConfiguration section */

/* Begin XCConfigurationList section */
		29BEAA201D2121F100824157 /* Build configuration list for PBXProject "HTML和OC互调" */ = {
			isa = XCConfigurationList;
			buildConfigurations = (
				29BEAA531D2121F100824157 /* Debug */,
				29BEAA541D2121F100824157 /* Release */,
			);
			defaultConfigurationIsVisible = 0;
			defaultConfigurationName = Release;
		};
		29BEAA551D2121F100824157 /* Build configuration list for PBXNativeTarget "HTML和OC互调" */ = {
			isa = XCConfigurationList;
			buildConfigurations = (
				29BEAA561D2121F100824157 /* Debug */,
				29BEAA571D2121F100824157 /* Release */,
			);
			defaultConfigurationIsVisible = 0;
		};
		29BEAA581D2121F100824157 /* Build configuration list for PBXNativeTarget "HTML和OC互调Tests" */ = {
			isa = XCConfigurationList;
			buildConfigurations = (
				29BEAA591D2121F100824157 /* Debug */,
				29BEAA5A1D2121F100824157 /* Release */,
			);
			defaultConfigurationIsVisible = 0;
		};
		29BEAA5B1D2121F100824157 /* Build configuration list for PBXNativeTarget "HTML和OC互调UITests" */ = {
			isa = XCConfigurationList;
			buildConfigurations = (
				29BEAA5C1D2121F100824157 /* Debug */,
				29BEAA5D1D2121F100824157 /* Release */,
			);
			defaultConfigurationIsVisible = 0;
		};
/* End XCConfigurationList section */

/* Begin XCVersionGroup section */
		29BEAA341D2121F100824157 /* HTML_OC__.xcdatamodeld */ = {
			isa = XCVersionGroup;
			children = (
				29BEAA351D2121F100824157 /* HTML_OC__.xcdatamodel */,
			);
			currentVersion = 29BEAA351D2121F100824157 /* HTML_OC__.xcdatamodel */;
			path = HTML_OC__.xcdatamodeld;
			sourceTree = "<group>";
			versionGroupType = wrapper.xcdatamodel;
		};
/* End XCVersionGroup section */
	};
	rootObject = 29BEAA1D1D2121F100824157 /* Project object */;
}
